Microsoft Visual Studio Solution File, Format Version 12.00
# Visual Studio Version 17
VisualStudioVersion = 17.13.35617.110
MinimumVisualStudioVersion = 10.0.40219.1
Project("{FAE04EC0-301F-11D3-BF4B-00C04F79EFBC}") = "KafkaSample.ProducerAPI", "KafkaSample.ProducerAPI\KafkaSample.ProducerAPI.csproj", "{C94D2CF2-3074-4EDC-9A28-F815151C3B62}"
EndProject
Project("{FAE04EC0-301F-11D3-BF4B-00C04F79EFBC}") = "KafkaSample.Consumer", "KafkaSample.Consumer\KafkaSample.Consumer.csproj", "{54EE982B-0995-4DB2-92CF-447F09AB1E9E}"
EndProject
Project("{FAE04EC0-301F-11D3-BF4B-00C04F79EFBC}") = "KafkaSample.IntegrationTest", "KafkaSample.IntegrationTest\KafkaSample.IntegrationTest.csproj", "{9B3E715A-CF2F-48CA-88D5-5B69600D6E4C}"
EndProject
Global
	GlobalSection(SolutionConfigurationPlatforms) = preSolution
		Debug|Any CPU = Debug|Any CPU
		Release|Any CPU = Release|Any CPU
	EndGlobalSection
	GlobalSection(ProjectConfigurationPlatforms) = postSolution
		{C94D2CF2-3074-4EDC-9A28-F815151C3B62}.Debug|Any CPU.ActiveCfg = Debug|Any CPU
		{C94D2CF2-3074-4EDC-9A28-F815151C3B62}.Debug|Any CPU.Build.0 = Debug|Any CPU
		{C94D2CF2-3074-4EDC-9A28-F815151C3B62}.Release|Any CPU.ActiveCfg = Release|Any CPU
		{C94D2CF2-3074-4EDC-9A28-F815151C3B62}.Release|Any CPU.Build.0 = Release|Any CPU
		{54EE982B-0995-4DB2-92CF-447F09AB1E9E}.Debug|Any CPU.ActiveCfg = Debug|Any CPU
		{54EE982B-0995-4DB2-92CF-447F09AB1E9E}.Debug|Any CPU.Build.0 = Debug|Any CPU
		{54EE982B-0995-4DB2-92CF-447F09AB1E9E}.Release|Any CPU.ActiveCfg = Release|Any CPU
		{54EE982B-0995-4DB2-92CF-447F09AB1E9E}.Release|Any CPU.Build.0 = Release|Any CPU
		{9B3E715A-CF2F-48CA-88D5-5B69600D6E4C}.Debug|Any CPU.ActiveCfg = Debug|Any CPU
		{9B3E715A-CF2F-48CA-88D5-5B69600D6E4C}.Debug|Any CPU.Build.0 = Debug|Any CPU
		{9B3E715A-CF2F-48CA-88D5-5B69600D6E4C}.Release|Any CPU.ActiveCfg = Release|Any CPU
		{9B3E715A-CF2F-48CA-88D5-5B69600D6E4C}.Release|Any CPU.Build.0 = Release|Any CPU
	EndGlobalSection
	GlobalSection(SolutionProperties) = preSolution
		HideSolutionNode = FALSE
	EndGlobalSection
	GlobalSection(ExtensibilityGlobals) = postSolution
		SolutionGuid = {8694D352-EB5D-43FC-B787-2A73F474A72D}
	EndGlobalSection
EndGlobal
